// !$*UTF8*$!
{
	archiveVersion = 1;
	classes = {
	};
	objectVersion = 77;
	objects = {

/* Begin PBXContainerItemProxy section */
		D103B4312E69360A0039883F /* PBXContainerItemProxy */ = {
			isa = PBXContainerItemProxy;
			containerPortal = D103B41A2E6936090039883F /* Project object */;
			proxyType = 1;
			remoteGlobalIDString = D103B4212E6936090039883F;
			remoteInfo = RegionMirror;
		};
		D103B43B2E69360A0039883F /* PBXContainerItemProxy */ = {
			isa = PBXContainerItemProxy;
			containerPortal = D103B41A2E6936090039883F /* Project object */;
			proxyType = 1;
			remoteGlobalIDString = D103B4212E6936090039883F;
			remoteInfo = RegionMirror;
		};
/* End PBXContainerItemProxy section */

/* Begin PBXFileReference section */
		D103B4222E6936090039883F /* RegionMirror.app */ = {isa = PBXFileReference; explicitFileType = wrapper.application; includeInIndex = 0; path = RegionMirror.app; sourceTree = BUILT_PRODUCTS_DIR; };
		D103B4302E69360A0039883F /* RegionMirrorTests.xctest */ = {isa = PBXFileReference; explicitFileType = wrapper.cfbundle; includeInIndex = 0; path = RegionMirrorTests.xctest; sourceTree = BUILT_PRODUCTS_DIR; };
		D103B43A2E69360A0039883F /* RegionMirrorUITests.xctest */ = {isa = PBXFileReference; explicitFileType = wrapper.cfbundle; includeInIndex = 0; path = RegionMirrorUITests.xctest; sourceTree = BUILT_PRODUCTS_DIR; };
/* End PBXFileReference section */

/* Begin PBXFileSystemSynchronizedRootGroup section */
		D103B4242E6936090039883F /* RegionMirror */ = {
			isa = PBXFileSystemSynchronizedRootGroup;
			path = RegionMirror;
			sourceTree = "<group>";
		};
		D103B4332E69360A0039883F /* RegionMirrorTests */ = {
			isa = PBXFileSystemSynchronizedRootGroup;
			path = RegionMirrorTests;
			sourceTree = "<group>";
		};
		D103B43D2E69360A0039883F /* RegionMirrorUITests */ = {
			isa = PBXFileSystemSynchronizedRootGroup;
			path = RegionMirrorUITests;
			sourceTree = "<group>";
		};
/* End PBXFileSystemSynchronizedRootGroup section */

/* Begin PBXFrameworksBuildPhase section */
		D103B41F2E6936090039883F /* Frameworks */ = {
			isa = PBXFrameworksBuildPhase;
			buildActionMask = 2147483647;
			files = (
			);
			runOnlyForDeploymentPostprocessing = 0;
		};
		D103B42D2E69360A0039883F /* Frameworks */ = {
			isa = PBXFrameworksBuildPhase;
			buildActionMask = 2147483647;
			files = (
			);
			runOnlyForDeploymentPostprocessing = 0;
		};
		D103B4372E69360A0039883F /* Frameworks */ = {
			isa = PBXFrameworksBuildPhase;
			buildActionMask = 2147483647;
			files = (
			);
			runOnlyForDeploymentPostprocessing = 0;
		};
/* End PBXFrameworksBuildPhase section */

/* Begin PBXGroup section */
		D103B4192E6936090039883F = {
			isa = PBXGroup;
			children = (
				D103B4242E6936090039883F /* RegionMirror */,
				D103B4332E69360A0039883F /* RegionMirrorTests */,
				D103B43D2E69360A0039883F /* RegionMirrorUITests */,
				D103B4232E6936090039883F /* Products */,
			);
			sourceTree = "<group>";
		};
		D103B4232E6936090039883F /* Products */ = {
			isa = PBXGroup;
			children = (
				D103B4222E6936090039883F /* RegionMirror.app */,
				D103B4302E69360A0039883F /* RegionMirrorTests.xctest */,
				D103B43A2E69360A0039883F /* RegionMirrorUITests.xctest */,
			);
			name = Products;
			sourceTree = "<group>";
		};
/* End PBXGroup section */

/* Begin PBXNativeTarget section */
		D103B4212E6936090039883F /* RegionMirror */ = {
			isa = PBXNativeTarget;
			buildConfigurationList = D103B4442E69360A0039883F /* Build configuration list for PBXNativeTarget "RegionMirror" */;
			buildPhases = (
				D103B41E2E6936090039883F /* Sources */,
				D103B41F2E6936090039883F /* Frameworks */,
				D103B4202E6936090039883F /* Resources */,
			);
			buildRules = (
			);
			dependencies = (
			);
			fileSystemSynchronizedGroups = (
				D103B4242E6936090039883F /* RegionMirror */,
			);
			name = RegionMirror;
			packageProductDependencies = (
			);
			productName = RegionMirror;
			productReference = D103B4222E6936090039883F /* RegionMirror.app */;
			productType = "com.apple.product-type.application";
		};
		D103B42F2E69360A0039883F /* RegionMirrorTests */ = {
			isa = PBXNativeTarget;
			buildConfigurationList = D103B4472E69360A0039883F /* Build configuration list for PBXNativeTarget "RegionMirrorTests" */;
			buildPhases = (
				D103B42C2E69360A0039883F /* Sources */,
				D103B42D2E69360A0039883F /* Frameworks */,
				D103B42E2E69360A0039883F /* Resources */,
			);
			buildRules = (
			);
			dependencies = (
				D103B4322E69360A0039883F /* PBXTargetDependency */,
			);
			fileSystemSynchronizedGroups = (
				D103B4332E69360A0039883F /* RegionMirrorTests */,
			);
			name = RegionMirrorTests;
			packageProductDependencies = (
			);
			productName = RegionMirrorTests;
			productReference = D103B4302E69360A0039883F /* RegionMirrorTests.xctest */;
			productType = "com.apple.product-type.bundle.unit-test";
		};
		D103B4392E69360A0039883F /* RegionMirrorUITests */ = {
			isa = PBXNativeTarget;
			buildConfigurationList = D103B44A2E69360A0039883F /* Build configuration list for PBXNativeTarget "RegionMirrorUITests" */;
			buildPhases = (
				D103B4362E69360A0039883F /* Sources */,
				D103B4372E69360A0039883F /* Frameworks */,
				D103B4382E69360A0039883F /* Resources */,
			);
			buildRules = (
			);
			dependencies = (
				D103B43C2E69360A0039883F /* PBXTargetDependency */,
			);
			fileSystemSynchronizedGroups = (
				D103B43D2E69360A0039883F /* RegionMirrorUITests */,
			);
			name = RegionMirrorUITests;
			packageProductDependencies = (
			);
			productName = RegionMirrorUITests;
			productReference = D103B43A2E69360A0039883F /* RegionMirrorUITests.xctest */;
			productType = "com.apple.product-type.bundle.ui-testing";
		};
/* End PBXNativeTarget section */

/* Begin PBXProject section */
		D103B41A2E6936090039883F /* Project object */ = {
			isa = PBXProject;
			attributes = {
				BuildIndependentTargetsInParallel = 1;
				LastSwiftUpdateCheck = 1640;
				LastUpgradeCheck = 1640;
				TargetAttributes = {
					D103B4212E6936090039883F = {
						CreatedOnToolsVersion = 16.4;
					};
					D103B42F2E69360A0039883F = {
						CreatedOnToolsVersion = 16.4;
						TestTargetID = D103B4212E6936090039883F;
					};
					D103B4392E69360A0039883F = {
						CreatedOnToolsVersion = 16.4;
						TestTargetID = D103B4212E6936090039883F;
					};
				};
			};
			buildConfigurationList = D103B41D2E6936090039883F /* Build configuration list for PBXProject "RegionMirror" */;
			developmentRegion = en;
			hasScannedForEncodings = 0;
			knownRegions = (
				en,
				Base,
			);
			mainGroup = D103B4192E6936090039883F;
			minimizedProjectReferenceProxies = 1;
			preferredProjectObjectVersion = 77;
			productRefGroup = D103B4232E6936090039883F /* Products */;
			projectDirPath = "";
			projectRoot = "";
			targets = (
				D103B4212E6936090039883F /* RegionMirror */,
				D103B42F2E69360A0039883F /* RegionMirrorTests */,
				D103B4392E69360A0039883F /* RegionMirrorUITests */,
			);
		};
/* End PBXProject section */

/* Begin PBXResourcesBuildPhase section */
		D103B4202E6936090039883F /* Resources */ = {
			isa = PBXResourcesBuildPhase;
			buildActionMask = 2147483647;
			files = (
			);
			runOnlyForDeploymentPostprocessing = 0;
		};
		D103B42E2E69360A0039883F /* Resources */ = {
			isa = PBXResourcesBuildPhase;
			buildActionMask = 2147483647;
			files = (
			);
			runOnlyForDeploymentPostprocessing = 0;
		};
		D103B4382E69360A0039883F /* Resources */ = {
			isa = PBXResourcesBuildPhase;
			buildActionMask = 2147483647;
			files = (
			);
			runOnlyForDeploymentPostprocessing = 0;
		};
/* End PBXResourcesBuildPhase section */

/* Begin PBXSourcesBuildPhase section */
		D103B41E2E6936090039883F /* Sources */ = {
			isa = PBXSourcesBuildPhase;
			buildActionMask = 2147483647;
			files = (
			);
			runOnlyForDeploymentPostprocessing = 0;
		};
		D103B42C2E69360A0039883F /* Sources */ = {
			isa = PBXSourcesBuildPhase;
			buildActionMask = 2147483647;
			files = (
			);
			runOnlyForDeploymentPostprocessing = 0;
		};
		D103B4362E69360A0039883F /* Sources */ = {
			isa = PBXSourcesBuildPhase;
			buildActionMask = 2147483647;
			files = (
			);
			runOnlyForDeploymentPostprocessing = 0;
		};
/* End PBXSourcesBuildPhase section */

/* Begin PBXTargetDependency section */
		D103B4322E69360A0039883F /* PBXTargetDependency */ = {
			isa = PBXTargetDependency;
			target = D103B4212E6936090039883F /* RegionMirror */;
			targetProxy = D103B4312E69360A0039883F /* PBXContainerItemProxy */;
		};
		D103B43C2E69360A0039883F /* PBXTargetDependency */ = {
			isa = PBXTargetDependency;
			target = D103B4212E6936090039883F /* RegionMirror */;
			targetProxy = D103B43B2E69360A0039883F /* PBXContainerItemProxy */;
		};
/* End PBXTargetDependency section */

/* Begin XCBuildConfiguration section */
		D103B4422E69360A0039883F /* Debug */ = {
			isa = XCBuildConfiguration;
			buildSettings = {
				ALWAYS_SEARCH_USER_PATHS = NO;
				ASSETCATALOG_COMPILER_GENERATE_SWIFT_ASSET_SYMBOL_EXTENSIONS = YES;
				CLANG_ANALYZER_NONNULL = YES;
				CLANG_ANALYZER_NUMBER_OBJECT_CONVERSION = YES_AGGRESSIVE;
				CLANG_CXX_LANGUAGE_STANDARD = "gnu++20";
				CLANG_ENABLE_MODULES = YES;
				CLANG_ENABLE_OBJC_ARC = YES;
				CLANG_ENABLE_OBJC_WEAK = YES;
				CLANG_WARN_BLOCK_CAPTURE_AUTORELEASING = YES;
				CLANG_WARN_BOOL_CONVERSION = YES;
				CLANG_WARN_COMMA = YES;
				CLANG_WARN_CONSTANT_CONVERSION = YES;
				CLANG_WARN_DEPRECATED_OBJC_IMPLEMENTATIONS = YES;
				CLANG_WARN_DIRECT_OBJC_ISA_USAGE = YES_ERROR;
				CLANG_WARN_DOCUMENTATION_COMMENTS = YES;
				CLANG_WARN_EMPTY_BODY = YES;
				CLANG_WARN_ENUM_CONVERSION = YES;
				CLANG_WARN_INFINITE_RECURSION = YES;
				CLANG_WARN_INT_CONVERSION = YES;
				CLANG_WARN_NON_LITERAL_NULL_CONVERSION = YES;
				CLANG_WARN_OBJC_IMPLICIT_RETAIN_SELF = YES;
				CLANG_WARN_OBJC_LITERAL_CONVERSION = YES;
				CLANG_WARN_OBJC_ROOT_CLASS = YES_ERROR;
				CLANG_WARN_QUOTED_INCLUDE_IN_FRAMEWORK_HEADER = YES;
				CLANG_WARN_RANGE_LOOP_ANALYSIS = YES;
				CLANG_WARN_STRICT_PROTOTYPES = YES;
				CLANG_WARN_SUSPICIOUS_MOVE = YES;
				CLANG_WARN_UNGUARDED_AVAILABILITY = YES_AGGRESSIVE;
				CLANG_WARN_UNREACHABLE_CODE = YES;
				CLANG_WARN__DUPLICATE_METHOD_MATCH = YES;
				COPY_PHASE_STRIP = NO;
				DEBUG_INFORMATION_FORMAT = dwarf;
				ENABLE_STRICT_OBJC_MSGSEND = YES;
				ENABLE_TESTABILITY = YES;
				ENABLE_USER_SCRIPT_SANDBOXING = YES;
				GCC_C_LANGUAGE_STANDARD = gnu17;
				GCC_DYNAMIC_NO_PIC = NO;
				GCC_NO_COMMON_BLOCKS = YES;
				GCC_OPTIMIZATION_LEVEL = 0;
				GCC_PREPROCESSOR_DEFINITIONS = (
					"DEBUG=1",
					"$(inherited)",
				);
				GCC_WARN_64_TO_32_BIT_CONVERSION = YES;
				GCC_WARN_ABOUT_RETURN_TYPE = YES_ERROR;
				GCC_WARN_UNDECLARED_SELECTOR = YES;
				GCC_WARN_UNINITIALIZED_AUTOS = YES_AGGRESSIVE;
				GCC_WARN_UNUSED_FUNCTION = YES;
				GCC_WARN_UNUSED_VARIABLE = YES;
				LOCALIZATION_PREFERS_STRING_CATALOGS = YES;
				MACOSX_DEPLOYMENT_TARGET = 15.5;
				MTL_ENABLE_DEBUG_INFO = INCLUDE_SOURCE;
				MTL_FAST_MATH = YES;
				ONLY_ACTIVE_ARCH = YES;
				SDKROOT = macosx;
				SWIFT_ACTIVE_COMPILATION_CONDITIONS = "DEBUG $(inherited)";
				SWIFT_OPTIMIZATION_LEVEL = "-Onone";
			};
			name = Debug;
		};
		D103B4432E69360A0039883F /* Release */ = {
			isa = XCBuildConfiguration;
			buildSettings = {
				ALWAYS_SEARCH_USER_PATHS = NO;
				ASSETCATALOG_COMPILER_GENERATE_SWIFT_ASSET_SYMBOL_EXTENSIONS = YES;
				CLANG_ANALYZER_NONNULL = YES;
				CLANG_ANALYZER_NUMBER_OBJECT_CONVERSION = YES_AGGRESSIVE;
				CLANG_CXX_LANGUAGE_STANDARD = "gnu++20";
				CLANG_ENABLE_MODULES = YES;
				CLANG_ENABLE_OBJC_ARC = YES;
				CLANG_ENABLE_OBJC_WEAK = YES;
				CLANG_WARN_BLOCK_CAPTURE_AUTORELEASING = YES;
				CLANG_WARN_BOOL_CONVERSION = YES;
				CLANG_WARN_COMMA = YES;
				CLANG_WARN_CONSTANT_CONVERSION = YES;
				CLANG_WARN_DEPRECATED_OBJC_IMPLEMENTATIONS = YES;
				CLANG_WARN_DIRECT_OBJC_ISA_USAGE = YES_ERROR;
				CLANG_WARN_DOCUMENTATION_COMMENTS = YES;
				CLANG_WARN_EMPTY_BODY = YES;
				CLANG_WARN_ENUM_CONVERSION = YES;
				CLANG_WARN_INFINITE_RECURSION = YES;
				CLANG_WARN_INT_CONVERSION = YES;
				CLANG_WARN_NON_LITERAL_NULL_CONVERSION = YES;
				CLANG_WARN_OBJC_IMPLICIT_RETAIN_SELF = YES;
				CLANG_WARN_OBJC_LITERAL_CONVERSION = YES;
				CLANG_WARN_OBJC_ROOT_CLASS = YES_ERROR;
				CLANG_WARN_QUOTED_INCLUDE_IN_FRAMEWORK_HEADER = YES;
				CLANG_WARN_RANGE_LOOP_ANALYSIS = YES;
				CLANG_WARN_STRICT_PROTOTYPES = YES;
				CLANG_WARN_SUSPICIOUS_MOVE = YES;
				CLANG_WARN_UNGUARDED_AVAILABILITY = YES_AGGRESSIVE;
				CLANG_WARN_UNREACHABLE_CODE = YES;
				CLANG_WARN__DUPLICATE_METHOD_MATCH = YES;
				COPY_PHASE_STRIP = NO;
				DEBUG_INFORMATION_FORMAT = "dwarf-with-dsym";
				ENABLE_NS_ASSERTIONS = NO;
				ENABLE_STRICT_OBJC_MSGSEND = YES;
				ENABLE_USER_SCRIPT_SANDBOXING = YES;
				GCC_C_LANGUAGE_STANDARD = gnu17;
				GCC_NO_COMMON_BLOCKS = YES;
				GCC_WARN_64_TO_32_BIT_CONVERSION = YES;
				GCC_WARN_ABOUT_RETURN_TYPE = YES_ERROR;
				GCC_WARN_UNDECLARED_SELECTOR = YES;
				GCC_WARN_UNINITIALIZED_AUTOS = YES_AGGRESSIVE;
				GCC_WARN_UNUSED_FUNCTION = YES;
				GCC_WARN_UNUSED_VARIABLE = YES;
				LOCALIZATION_PREFERS_STRING_CATALOGS = YES;
				MACOSX_DEPLOYMENT_TARGET = 15.5;
				MTL_ENABLE_DEBUG_INFO = NO;
				MTL_FAST_MATH = YES;
				SDKROOT = macosx;
				SWIFT_COMPILATION_MODE = wholemodule;
			};
			name = Release;
		};
		D103B4452E69360A0039883F /* Debug */ = {
			isa = XCBuildConfiguration;
			buildSettings = {
				ASSETCATALOG_COMPILER_APPICON_NAME = AppIcon;
				ASSETCATALOG_COMPILER_GLOBAL_ACCENT_COLOR_NAME = AccentColor;
				CODE_SIGN_ENTITLEMENTS = RegionMirror/RegionMirror.entitlements;
				CODE_SIGN_STYLE = Automatic;
				COMBINE_HIDPI_IMAGES = YES;
				CURRENT_PROJECT_VERSION = 1;
				ENABLE_PREVIEWS = YES;
				GENERATE_INFOPLIST_FILE = YES;
				INFOPLIST_KEY_NSHumanReadableCopyright = "";
				LD_RUNPATH_SEARCH_PATHS = (
					"$(inherited)",
					"@executable_path/../Frameworks",
				);
				MACOSX_DEPLOYMENT_TARGET = 15.0;
				MARKETING_VERSION = 1.0;
				PRODUCT_BUNDLE_IDENTIFIER = "Mac-Motion.RegionMirror";
				PRODUCT_NAME = "$(TARGET_NAME)";
				REGISTER_APP_GROUPS = YES;
				SWIFT_EMIT_LOC_STRINGS = YES;
				SWIFT_VERSION = 5.0;
			};
			name = Debug;
		};
		D103B4462E69360A0039883F /* Release */ = {
			isa = XCBuildConfiguration;
			buildSettings = {
				ASSETCATALOG_COMPILER_APPICON_NAME = AppIcon;
				ASSETCATALOG_COMPILER_GLOBAL_ACCENT_COLOR_NAME = AccentColor;
				CODE_SIGN_ENTITLEMENTS = RegionMirror/RegionMirror.entitlements;
				CODE_SIGN_STYLE = Automatic;
				COMBINE_HIDPI_IMAGES = YES;
				CURRENT_PROJECT_VERSION = 1;
				ENABLE_PREVIEWS = YES;
				GENERATE_INFOPLIST_FILE = YES;
				INFOPLIST_KEY_NSHumanReadableCopyright = "";
				LD_RUNPATH_SEARCH_PATHS = (
					"$(inherited)",
					"@executable_path/../Frameworks",
				);
				MACOSX_DEPLOYMENT_TARGET = 15.0;
				MARKETING_VERSION = 1.0;
				PRODUCT_BUNDLE_IDENTIFIER = "Mac-Motion.RegionMirror";
				PRODUCT_NAME = "$(TARGET_NAME)";
				REGISTER_APP_GROUPS = YES;
				SWIFT_EMIT_LOC_STRINGS = YES;
				SWIFT_VERSION = 5.0;
			};
			name = Release;
		};
		D103B4482E69360A0039883F /* Debug */ = {
			isa = XCBuildConfiguration;
			buildSettings = {
				BUNDLE_LOADER = "$(TEST_HOST)";
				CODE_SIGN_STYLE = Automatic;
				CURRENT_PROJECT_VERSION = 1;
				GENERATE_INFOPLIST_FILE = YES;
				MACOSX_DEPLOYMENT_TARGET = 15.5;
				MARKETING_VERSION = 1.0;
				PRODUCT_BUNDLE_IDENTIFIER = "Mac-Motion.RegionMirrorTests";
				PRODUCT_NAME = "$(TARGET_NAME)";
				SWIFT_EMIT_LOC_STRINGS = NO;
				SWIFT_VERSION = 5.0;
				TEST_HOST = "$(BUILT_PRODUCTS_DIR)/RegionMirror.app/$(BUNDLE_EXECUTABLE_FOLDER_PATH)/RegionMirror";
			};
			name = Debug;
		};
		D103B4492E69360A0039883F /* Release */ = {
			isa = XCBuildConfiguration;
			buildSettings = {
				BUNDLE_LOADER = "$(TEST_HOST)";
				CODE_SIGN_STYLE = Automatic;
				CURRENT_PROJECT_VERSION = 1;
				GENERATE_INFOPLIST_FILE = YES;
				MACOSX_DEPLOYMENT_TARGET = 15.5;
				MARKETING_VERSION = 1.0;
				PRODUCT_BUNDLE_IDENTIFIER = "Mac-Motion.RegionMirrorTests";
				PRODUCT_NAME = "$(TARGET_NAME)";
				SWIFT_EMIT_LOC_STRINGS = NO;
				SWIFT_VERSION = 5.0;
				TEST_HOST = "$(BUILT_PRODUCTS_DIR)/RegionMirror.app/$(BUNDLE_EXECUTABLE_FOLDER_PATH)/RegionMirror";
			};
			name = Release;
		};
		D103B44B2E69360A0039883F /* Debug */ = {
			isa = XCBuildConfiguration;
			buildSettings = {
				CODE_SIGN_STYLE = Automatic;
				CURRENT_PROJECT_VERSION = 1;
				GENERATE_INFOPLIST_FILE = YES;
				MARKETING_VERSION = 1.0;
				PRODUCT_BUNDLE_IDENTIFIER = "Mac-Motion.RegionMirrorUITests";
				PRODUCT_NAME = "$(TARGET_NAME)";
				SWIFT_EMIT_LOC_STRINGS = NO;
				SWIFT_VERSION = 5.0;
				TEST_TARGET_NAME = RegionMirror;
			};
			name = Debug;
		};
		D103B44C2E69360A0039883F /* Release */ = {
			isa = XCBuildConfiguration;
			buildSettings = {
				CODE_SIGN_STYLE = Automatic;
				CURRENT_PROJECT_VERSION = 1;
				GENERATE_INFOPLIST_FILE = YES;
				MARKETING_VERSION = 1.0;
				PRODUCT_BUNDLE_IDENTIFIER = "Mac-Motion.RegionMirrorUITests";
				PRODUCT_NAME = "$(TARGET_NAME)";
				SWIFT_EMIT_LOC_STRINGS = NO;
				SWIFT_VERSION = 5.0;
				TEST_TARGET_NAME = RegionMirror;
			};
			name = Release;
		};
/* End XCBuildConfiguration section */

/* Begin XCConfigurationList section */
		D103B41D2E6936090039883F /* Build configuration list for PBXProject "RegionMirror" */ = {
			isa = XCConfigurationList;
			buildConfigurations = (
				D103B4422E69360A0039883F /* Debug */,
				D103B4432E69360A0039883F /* Release */,
			);
			defaultConfigurationIsVisible = 0;
			defaultConfigurationName = Release;
		};
		D103B4442E69360A0039883F /* Build configuration list for PBXNativeTarget "RegionMirror" */ = {
			isa = XCConfigurationList;
			buildConfigurations = (
				D103B4452E69360A0039883F /* Debug */,
				D103B4462E69360A0039883F /* Release */,
			);
			defaultConfigurationIsVisible = 0;
			defaultConfigurationName = Release;
		};
		D103B4472E69360A0039883F /* Build configuration list for PBXNativeTarget "RegionMirrorTests" */ = {
			isa = XCConfigurationList;
			buildConfigurations = (
				D103B4482E69360A0039883F /* Debug */,
				D103B4492E69360A0039883F /* Release */,
			);
			defaultConfigurationIsVisible = 0;
			defaultConfigurationName = Release;
		};
		D103B44A2E69360A0039883F /* Build configuration list for PBXNativeTarget "RegionMirrorUITests" */ = {
			isa = XCConfigurationList;
			buildConfigurations = (
				D103B44B2E69360A0039883F /* Debug */,
				D103B44C2E69360A0039883F /* Release */,
			);
			defaultConfigurationIsVisible = 0;
			defaultConfigurationName = Release;
		};
/* End XCConfigurationList section */
	};
	rootObject = D103B41A2E6936090039883F /* Project object */;
}
